// !$*UTF8*$!
{
	archiveVersion = 1;
	classes = {
	};
	objectVersion = 50;
	objects = {

/* Begin PBXBuildFile section */
		38406AFA25EA2FFE00D2EB00 /* AppDelegate.swift in Sources */ = {isa = PBXBuildFile; fileRef = 38406AF925EA2FFE00D2EB00 /* AppDelegate.swift */; };
		38406AFC25EA2FFE00D2EB00 /* SceneDelegate.swift in Sources */ = {isa = PBXBuildFile; fileRef = 38406AFB25EA2FFE00D2EB00 /* SceneDelegate.swift */; };
		38406AFE25EA2FFE00D2EB00 /* HomeViewController.swift in Sources */ = {isa = PBXBuildFile; fileRef = 38406AFD25EA2FFE00D2EB00 /* HomeViewController.swift */; };
		38406B0125EA2FFE00D2EB00 /* Main.storyboard in Resources */ = {isa = PBXBuildFile; fileRef = 38406AFF25EA2FFE00D2EB00 /* Main.storyboard */; };
		38406B0325EA300800D2EB00 /* Assets.xcassets in Resources */ = {isa = PBXBuildFile; fileRef = 38406B0225EA300800D2EB00 /* Assets.xcassets */; };
		38406B0625EA300800D2EB00 /* LaunchScreen.storyboard in Resources */ = {isa = PBXBuildFile; fileRef = 38406B0425EA300800D2EB00 /* LaunchScreen.storyboard */; };
		38406B1125EA300900D2EB00 /* AIAStockTests.swift in Sources */ = {isa = PBXBuildFile; fileRef = 38406B1025EA300900D2EB00 /* AIAStockTests.swift */; };
		38406B1C25EA300900D2EB00 /* AIAStockUITests.swift in Sources */ = {isa = PBXBuildFile; fileRef = 38406B1B25EA300900D2EB00 /* AIAStockUITests.swift */; };
		38406B3725EA3BB000D2EB00 /* FirstViewController.swift in Sources */ = {isa = PBXBuildFile; fileRef = 38406B3625EA3BB000D2EB00 /* FirstViewController.swift */; };
		38406B3C25EA3BBF00D2EB00 /* SecondViewController.swift in Sources */ = {isa = PBXBuildFile; fileRef = 38406B3B25EA3BBF00D2EB00 /* SecondViewController.swift */; };
		38406B4125EA3BCD00D2EB00 /* ThirdViewController.swift in Sources */ = {isa = PBXBuildFile; fileRef = 38406B4025EA3BCD00D2EB00 /* ThirdViewController.swift */; };
		38406B4725EA3F9500D2EB00 /* FirstModel.swift in Sources */ = {isa = PBXBuildFile; fileRef = 38406B4625EA3F9500D2EB00 /* FirstModel.swift */; };
		38406B4C25EA3FB900D2EB00 /* FirstRouter.swift in Sources */ = {isa = PBXBuildFile; fileRef = 38406B4B25EA3FB900D2EB00 /* FirstRouter.swift */; };
		38406B5125EA3FCA00D2EB00 /* FirstWorker.swift in Sources */ = {isa = PBXBuildFile; fileRef = 38406B5025EA3FCA00D2EB00 /* FirstWorker.swift */; };
		38406B5625EA3FDD00D2EB00 /* FirstInteractor.swift in Sources */ = {isa = PBXBuildFile; fileRef = 38406B5525EA3FDD00D2EB00 /* FirstInteractor.swift */; };
		38406B5B25EA3FFD00D2EB00 /* FirstPresenter.swift in Sources */ = {isa = PBXBuildFile; fileRef = 38406B5A25EA3FFD00D2EB00 /* FirstPresenter.swift */; };
		38406B6825EA41C300D2EB00 /* FirstInterfaces.swift in Sources */ = {isa = PBXBuildFile; fileRef = 38406B6725EA41C300D2EB00 /* FirstInterfaces.swift */; };
		38406B7125EA44CD00D2EB00 /* APIWorker.swift in Sources */ = {isa = PBXBuildFile; fileRef = 38406B7025EA44CD00D2EB00 /* APIWorker.swift */; };
		38406B7625EA458E00D2EB00 /* SecondInterfaces.swift in Sources */ = {isa = PBXBuildFile; fileRef = 38406B7525EA458E00D2EB00 /* SecondInterfaces.swift */; };
		38406B7B25EA459A00D2EB00 /* SecondModel.swift in Sources */ = {isa = PBXBuildFile; fileRef = 38406B7A25EA459A00D2EB00 /* SecondModel.swift */; };
		38406B8025EA45A500D2EB00 /* SecondRouter.swift in Sources */ = {isa = PBXBuildFile; fileRef = 38406B7F25EA45A500D2EB00 /* SecondRouter.swift */; };
		38406B8525EA45B000D2EB00 /* SecondWorker.swift in Sources */ = {isa = PBXBuildFile; fileRef = 38406B8425EA45B000D2EB00 /* SecondWorker.swift */; };
		38406B8A25EA45BC00D2EB00 /* SecondInteractor.swift in Sources */ = {isa = PBXBuildFile; fileRef = 38406B8925EA45BC00D2EB00 /* SecondInteractor.swift */; };
		38406B8F25EA45CE00D2EB00 /* SecondPresenter.swift in Sources */ = {isa = PBXBuildFile; fileRef = 38406B8E25EA45CE00D2EB00 /* SecondPresenter.swift */; };
/* End PBXBuildFile section */

/* Begin PBXContainerItemProxy section */
		38406B0D25EA300900D2EB00 /* PBXContainerItemProxy */ = {
			isa = PBXContainerItemProxy;
			containerPortal = 38406AEE25EA2FFE00D2EB00 /* Project object */;
			proxyType = 1;
			remoteGlobalIDString = 38406AF525EA2FFE00D2EB00;
			remoteInfo = AIAStock;
		};
		38406B1825EA300900D2EB00 /* PBXContainerItemProxy */ = {
			isa = PBXContainerItemProxy;
			containerPortal = 38406AEE25EA2FFE00D2EB00 /* Project object */;
			proxyType = 1;
			remoteGlobalIDString = 38406AF525EA2FFE00D2EB00;
			remoteInfo = AIAStock;
		};
/* End PBXContainerItemProxy section */

/* Begin PBXFileReference section */
		38406AF625EA2FFE00D2EB00 /* AIAStock.app */ = {isa = PBXFileReference; explicitFileType = wrapper.application; includeInIndex = 0; path = AIAStock.app; sourceTree = BUILT_PRODUCTS_DIR; };
		38406AF925EA2FFE00D2EB00 /* AppDelegate.swift */ = {isa = PBXFileReference; lastKnownFileType = sourcecode.swift; path = AppDelegate.swift; sourceTree = "<group>"; };
		38406AFB25EA2FFE00D2EB00 /* SceneDelegate.swift */ = {isa = PBXFileReference; lastKnownFileType = sourcecode.swift; path = SceneDelegate.swift; sourceTree = "<group>"; };
		38406AFD25EA2FFE00D2EB00 /* HomeViewController.swift */ = {isa = PBXFileReference; lastKnownFileType = sourcecode.swift; path = HomeViewController.swift; sourceTree = "<group>"; };
		38406B0025EA2FFE00D2EB00 /* Base */ = {isa = PBXFileReference; lastKnownFileType = file.storyboard; name = Base; path = Base.lproj/Main.storyboard; sourceTree = "<group>"; };
		38406B0225EA300800D2EB00 /* Assets.xcassets */ = {isa = PBXFileReference; lastKnownFileType = folder.assetcatalog; path = Assets.xcassets; sourceTree = "<group>"; };
		38406B0525EA300800D2EB00 /* Base */ = {isa = PBXFileReference; lastKnownFileType = file.storyboard; name = Base; path = Base.lproj/LaunchScreen.storyboard; sourceTree = "<group>"; };
		38406B0725EA300800D2EB00 /* Info.plist */ = {isa = PBXFileReference; lastKnownFileType = text.plist.xml; path = Info.plist; sourceTree = "<group>"; };
		38406B0C25EA300900D2EB00 /* AIAStockTests.xctest */ = {isa = PBXFileReference; explicitFileType = wrapper.cfbundle; includeInIndex = 0; path = AIAStockTests.xctest; sourceTree = BUILT_PRODUCTS_DIR; };
		38406B1025EA300900D2EB00 /* AIAStockTests.swift */ = {isa = PBXFileReference; lastKnownFileType = sourcecode.swift; path = AIAStockTests.swift; sourceTree = "<group>"; };
		38406B1225EA300900D2EB00 /* Info.plist */ = {isa = PBXFileReference; lastKnownFileType = text.plist.xml; path = Info.plist; sourceTree = "<group>"; };
		38406B1725EA300900D2EB00 /* AIAStockUITests.xctest */ = {isa = PBXFileReference; explicitFileType = wrapper.cfbundle; includeInIndex = 0; path = AIAStockUITests.xctest; sourceTree = BUILT_PRODUCTS_DIR; };
		38406B1B25EA300900D2EB00 /* AIAStockUITests.swift */ = {isa = PBXFileReference; lastKnownFileType = sourcecode.swift; path = AIAStockUITests.swift; sourceTree = "<group>"; };
		38406B1D25EA300900D2EB00 /* Info.plist */ = {isa = PBXFileReference; lastKnownFileType = text.plist.xml; path = Info.plist; sourceTree = "<group>"; };
		38406B3625EA3BB000D2EB00 /* FirstViewController.swift */ = {isa = PBXFileReference; lastKnownFileType = sourcecode.swift; path = FirstViewController.swift; sourceTree = "<group>"; };
		38406B3B25EA3BBF00D2EB00 /* SecondViewController.swift */ = {isa = PBXFileReference; lastKnownFileType = sourcecode.swift; path = SecondViewController.swift; sourceTree = "<group>"; };
		38406B4025EA3BCD00D2EB00 /* ThirdViewController.swift */ = {isa = PBXFileReference; lastKnownFileType = sourcecode.swift; path = ThirdViewController.swift; sourceTree = "<group>"; };
		38406B4625EA3F9500D2EB00 /* FirstModel.swift */ = {isa = PBXFileReference; lastKnownFileType = sourcecode.swift; path = FirstModel.swift; sourceTree = "<group>"; };
		38406B4B25EA3FB900D2EB00 /* FirstRouter.swift */ = {isa = PBXFileReference; lastKnownFileType = sourcecode.swift; path = FirstRouter.swift; sourceTree = "<group>"; };
		38406B5025EA3FCA00D2EB00 /* FirstWorker.swift */ = {isa = PBXFileReference; lastKnownFileType = sourcecode.swift; path = FirstWorker.swift; sourceTree = "<group>"; };
		38406B5525EA3FDD00D2EB00 /* FirstInteractor.swift */ = {isa = PBXFileReference; lastKnownFileType = sourcecode.swift; path = FirstInteractor.swift; sourceTree = "<group>"; };
		38406B5A25EA3FFD00D2EB00 /* FirstPresenter.swift */ = {isa = PBXFileReference; lastKnownFileType = sourcecode.swift; path = FirstPresenter.swift; sourceTree = "<group>"; };
		38406B6725EA41C300D2EB00 /* FirstInterfaces.swift */ = {isa = PBXFileReference; lastKnownFileType = sourcecode.swift; path = FirstInterfaces.swift; sourceTree = "<group>"; };
		38406B7025EA44CD00D2EB00 /* APIWorker.swift */ = {isa = PBXFileReference; lastKnownFileType = sourcecode.swift; path = APIWorker.swift; sourceTree = "<group>"; };
		38406B7525EA458E00D2EB00 /* SecondInterfaces.swift */ = {isa = PBXFileReference; lastKnownFileType = sourcecode.swift; path = SecondInterfaces.swift; sourceTree = "<group>"; };
		38406B7A25EA459A00D2EB00 /* SecondModel.swift */ = {isa = PBXFileReference; lastKnownFileType = sourcecode.swift; path = SecondModel.swift; sourceTree = "<group>"; };
		38406B7F25EA45A500D2EB00 /* SecondRouter.swift */ = {isa = PBXFileReference; lastKnownFileType = sourcecode.swift; path = SecondRouter.swift; sourceTree = "<group>"; };
		38406B8425EA45B000D2EB00 /* SecondWorker.swift */ = {isa = PBXFileReference; lastKnownFileType = sourcecode.swift; path = SecondWorker.swift; sourceTree = "<group>"; };
		38406B8925EA45BC00D2EB00 /* SecondInteractor.swift */ = {isa = PBXFileReference; lastKnownFileType = sourcecode.swift; path = SecondInteractor.swift; sourceTree = "<group>"; };
		38406B8E25EA45CE00D2EB00 /* SecondPresenter.swift */ = {isa = PBXFileReference; lastKnownFileType = sourcecode.swift; path = SecondPresenter.swift; sourceTree = "<group>"; };
/* End PBXFileReference section */

/* Begin PBXFrameworksBuildPhase section */
		38406AF325EA2FFE00D2EB00 /* Frameworks */ = {
			isa = PBXFrameworksBuildPhase;
			buildActionMask = 2147483647;
			files = (
			);
			runOnlyForDeploymentPostprocessing = 0;
		};
		38406B0925EA300900D2EB00 /* Frameworks */ = {
			isa = PBXFrameworksBuildPhase;
			buildActionMask = 2147483647;
			files = (
			);
			runOnlyForDeploymentPostprocessing = 0;
		};
		38406B1425EA300900D2EB00 /* Frameworks */ = {
			isa = PBXFrameworksBuildPhase;
			buildActionMask = 2147483647;
			files = (
			);
			runOnlyForDeploymentPostprocessing = 0;
		};
/* End PBXFrameworksBuildPhase section */

/* Begin PBXGroup section */
		38406AED25EA2FFE00D2EB00 = {
			isa = PBXGroup;
			children = (
				38406AF825EA2FFE00D2EB00 /* AIAStock */,
				38406B0F25EA300900D2EB00 /* AIAStockTests */,
				38406B1A25EA300900D2EB00 /* AIAStockUITests */,
				38406AF725EA2FFE00D2EB00 /* Products */,
			);
			sourceTree = "<group>";
		};
		38406AF725EA2FFE00D2EB00 /* Products */ = {
			isa = PBXGroup;
			children = (
				38406AF625EA2FFE00D2EB00 /* AIAStock.app */,
				38406B0C25EA300900D2EB00 /* AIAStockTests.xctest */,
				38406B1725EA300900D2EB00 /* AIAStockUITests.xctest */,
			);
			name = Products;
			sourceTree = "<group>";
		};
		38406AF825EA2FFE00D2EB00 /* AIAStock */ = {
			isa = PBXGroup;
			children = (
				38406AF925EA2FFE00D2EB00 /* AppDelegate.swift */,
				38406AFB25EA2FFE00D2EB00 /* SceneDelegate.swift */,
				38406B6F25EA44AE00D2EB00 /* API */,
				38406B3525EA3B7F00D2EB00 /* ViewController */,
				38406AFF25EA2FFE00D2EB00 /* Main.storyboard */,
				38406B0225EA300800D2EB00 /* Assets.xcassets */,
				38406B0425EA300800D2EB00 /* LaunchScreen.storyboard */,
				38406B0725EA300800D2EB00 /* Info.plist */,
			);
			path = AIAStock;
			sourceTree = "<group>";
		};
		38406B0F25EA300900D2EB00 /* AIAStockTests */ = {
			isa = PBXGroup;
			children = (
				38406B1025EA300900D2EB00 /* AIAStockTests.swift */,
				38406B1225EA300900D2EB00 /* Info.plist */,
			);
			path = AIAStockTests;
			sourceTree = "<group>";
		};
		38406B1A25EA300900D2EB00 /* AIAStockUITests */ = {
			isa = PBXGroup;
			children = (
				38406B1B25EA300900D2EB00 /* AIAStockUITests.swift */,
				38406B1D25EA300900D2EB00 /* Info.plist */,
			);
			path = AIAStockUITests;
			sourceTree = "<group>";
		};
		38406B3525EA3B7F00D2EB00 /* ViewController */ = {
			isa = PBXGroup;
			children = (
				38406AFD25EA2FFE00D2EB00 /* HomeViewController.swift */,
				38406B4525EA3F6100D2EB00 /* FirstVC */,
				38406B5F25EA40C100D2EB00 /* SecondVC */,
				38406B6325EA40CA00D2EB00 /* ThirdVC */,
			);
			path = ViewController;
			sourceTree = "<group>";
		};
		38406B4525EA3F6100D2EB00 /* FirstVC */ = {
			isa = PBXGroup;
			children = (
				38406B6725EA41C300D2EB00 /* FirstInterfaces.swift */,
				38406B3625EA3BB000D2EB00 /* FirstViewController.swift */,
				38406B4625EA3F9500D2EB00 /* FirstModel.swift */,
				38406B4B25EA3FB900D2EB00 /* FirstRouter.swift */,
				38406B5025EA3FCA00D2EB00 /* FirstWorker.swift */,
				38406B5525EA3FDD00D2EB00 /* FirstInteractor.swift */,
				38406B5A25EA3FFD00D2EB00 /* FirstPresenter.swift */,
			);
			path = FirstVC;
			sourceTree = "<group>";
		};
		38406B5F25EA40C100D2EB00 /* SecondVC */ = {
			isa = PBXGroup;
			children = (
				38406B3B25EA3BBF00D2EB00 /* SecondViewController.swift */,
				38406B7525EA458E00D2EB00 /* SecondInterfaces.swift */,
				38406B7A25EA459A00D2EB00 /* SecondModel.swift */,
				38406B7F25EA45A500D2EB00 /* SecondRouter.swift */,
				38406B8425EA45B000D2EB00 /* SecondWorker.swift */,
				38406B8925EA45BC00D2EB00 /* SecondInteractor.swift */,
				38406B8E25EA45CE00D2EB00 /* SecondPresenter.swift */,
			);
			path = SecondVC;
			sourceTree = "<group>";
		};
		38406B6325EA40CA00D2EB00 /* ThirdVC */ = {
			isa = PBXGroup;
			children = (
				38406B4025EA3BCD00D2EB00 /* ThirdViewController.swift */,
			);
			path = ThirdVC;
			sourceTree = "<group>";
		};
		38406B6F25EA44AE00D2EB00 /* API */ = {
			isa = PBXGroup;
			children = (
				38406B7025EA44CD00D2EB00 /* APIWorker.swift */,
			);
			path = API;
			sourceTree = "<group>";
		};
/* End PBXGroup section */

/* Begin PBXNativeTarget section */
		38406AF525EA2FFE00D2EB00 /* AIAStock */ = {
			isa = PBXNativeTarget;
			buildConfigurationList = 38406B2025EA300900D2EB00 /* Build configuration list for PBXNativeTarget "AIAStock" */;
			buildPhases = (
				38406AF225EA2FFE00D2EB00 /* Sources */,
				38406AF325EA2FFE00D2EB00 /* Frameworks */,
				38406AF425EA2FFE00D2EB00 /* Resources */,
			);
			buildRules = (
			);
			dependencies = (
			);
			name = AIAStock;
			productName = AIAStock;
			productReference = 38406AF625EA2FFE00D2EB00 /* AIAStock.app */;
			productType = "com.apple.product-type.application";
		};
		38406B0B25EA300900D2EB00 /* AIAStockTests */ = {
			isa = PBXNativeTarget;
			buildConfigurationList = 38406B2325EA300900D2EB00 /* Build configuration list for PBXNativeTarget "AIAStockTests" */;
			buildPhases = (
				38406B0825EA300900D2EB00 /* Sources */,
				38406B0925EA300900D2EB00 /* Frameworks */,
				38406B0A25EA300900D2EB00 /* Resources */,
			);
			buildRules = (
			);
			dependencies = (
				38406B0E25EA300900D2EB00 /* PBXTargetDependency */,
			);
			name = AIAStockTests;
			productName = AIAStockTests;
			productReference = 38406B0C25EA300900D2EB00 /* AIAStockTests.xctest */;
			productType = "com.apple.product-type.bundle.unit-test";
		};
		38406B1625EA300900D2EB00 /* AIAStockUITests */ = {
			isa = PBXNativeTarget;
			buildConfigurationList = 38406B2625EA300900D2EB00 /* Build configuration list for PBXNativeTarget "AIAStockUITests" */;
			buildPhases = (
				38406B1325EA300900D2EB00 /* Sources */,
				38406B1425EA300900D2EB00 /* Frameworks */,
				38406B1525EA300900D2EB00 /* Resources */,
			);
			buildRules = (
			);
			dependencies = (
				38406B1925EA300900D2EB00 /* PBXTargetDependency */,
			);
			name = AIAStockUITests;
			productName = AIAStockUITests;
			productReference = 38406B1725EA300900D2EB00 /* AIAStockUITests.xctest */;
			productType = "com.apple.product-type.bundle.ui-testing";
		};
/* End PBXNativeTarget section */

/* Begin PBXProject section */
		38406AEE25EA2FFE00D2EB00 /* Project object */ = {
			isa = PBXProject;
			attributes = {
				LastSwiftUpdateCheck = 1220;
				LastUpgradeCheck = 1220;
				TargetAttributes = {
					38406AF525EA2FFE00D2EB00 = {
						CreatedOnToolsVersion = 12.2;
					};
					38406B0B25EA300900D2EB00 = {
						CreatedOnToolsVersion = 12.2;
						TestTargetID = 38406AF525EA2FFE00D2EB00;
					};
					38406B1625EA300900D2EB00 = {
						CreatedOnToolsVersion = 12.2;
						TestTargetID = 38406AF525EA2FFE00D2EB00;
					};
				};
			};
			buildConfigurationList = 38406AF125EA2FFE00D2EB00 /* Build configuration list for PBXProject "AIAStock" */;
			compatibilityVersion = "Xcode 9.3";
			developmentRegion = en;
			hasScannedForEncodings = 0;
			knownRegions = (
				en,
				Base,
			);
			mainGroup = 38406AED25EA2FFE00D2EB00;
			productRefGroup = 38406AF725EA2FFE00D2EB00 /* Products */;
			projectDirPath = "";
			projectRoot = "";
			targets = (
				38406AF525EA2FFE00D2EB00 /* AIAStock */,
				38406B0B25EA300900D2EB00 /* AIAStockTests */,
				38406B1625EA300900D2EB00 /* AIAStockUITests */,
			);
		};
/* End PBXProject section */

/* Begin PBXResourcesBuildPhase section */
		38406AF425EA2FFE00D2EB00 /* Resources */ = {
			isa = PBXResourcesBuildPhase;
			buildActionMask = 2147483647;
			files = (
				38406B0625EA300800D2EB00 /* LaunchScreen.storyboard in Resources */,
				38406B0325EA300800D2EB00 /* Assets.xcassets in Resources */,
				38406B0125EA2FFE00D2EB00 /* Main.storyboard in Resources */,
			);
			runOnlyForDeploymentPostprocessing = 0;
		};
		38406B0A25EA300900D2EB00 /* Resources */ = {
			isa = PBXResourcesBuildPhase;
			buildActionMask = 2147483647;
			files = (
			);
			runOnlyForDeploymentPostprocessing = 0;
		};
		38406B1525EA300900D2EB00 /* Resources */ = {
			isa = PBXResourcesBuildPhase;
			buildActionMask = 2147483647;
			files = (
			);
			runOnlyForDeploymentPostprocessing = 0;
		};
/* End PBXResourcesBuildPhase section */

/* Begin PBXSourcesBuildPhase section */
		38406AF225EA2FFE00D2EB00 /* Sources */ = {
			isa = PBXSourcesBuildPhase;
			buildActionMask = 2147483647;
			files = (
				38406AFE25EA2FFE00D2EB00 /* HomeViewController.swift in Sources */,
				38406B7B25EA459A00D2EB00 /* SecondModel.swift in Sources */,
				38406AFA25EA2FFE00D2EB00 /* AppDelegate.swift in Sources */,
				38406B8525EA45B000D2EB00 /* SecondWorker.swift in Sources */,
				38406B5125EA3FCA00D2EB00 /* FirstWorker.swift in Sources */,
				38406AFC25EA2FFE00D2EB00 /* SceneDelegate.swift in Sources */,
				38406B8F25EA45CE00D2EB00 /* SecondPresenter.swift in Sources */,
				38406B6825EA41C300D2EB00 /* FirstInterfaces.swift in Sources */,
				38406B4725EA3F9500D2EB00 /* FirstModel.swift in Sources */,
				38406B8A25EA45BC00D2EB00 /* SecondInteractor.swift in Sources */,
				38406B3C25EA3BBF00D2EB00 /* SecondViewController.swift in Sources */,
				38406B7125EA44CD00D2EB00 /* APIWorker.swift in Sources */,
				38406B4C25EA3FB900D2EB00 /* FirstRouter.swift in Sources */,
				38406B8025EA45A500D2EB00 /* SecondRouter.swift in Sources */,
				38406B5625EA3FDD00D2EB00 /* FirstInteractor.swift in Sources */,
				38406B4125EA3BCD00D2EB00 /* ThirdViewController.swift in Sources */,
				38406B5B25EA3FFD00D2EB00 /* FirstPresenter.swift in Sources */,
				38406B3725EA3BB000D2EB00 /* FirstViewController.swift in Sources */,
				38406B7625EA458E00D2EB00 /* SecondInterfaces.swift in Sources */,
			);
			runOnlyForDeploymentPostprocessing = 0;
		};
		38406B0825EA300900D2EB00 /* Sources */ = {
			isa = PBXSourcesBuildPhase;
			buildActionMask = 2147483647;
			files = (
				38406B1125EA300900D2EB00 /* AIAStockTests.swift in Sources */,
			);
			runOnlyForDeploymentPostprocessing = 0;
		};
		38406B1325EA300900D2EB00 /* Sources */ = {
			isa = PBXSourcesBuildPhase;
			buildActionMask = 2147483647;
			files = (
				38406B1C25EA300900D2EB00 /* AIAStockUITests.swift in Sources */,
			);
			runOnlyForDeploymentPostprocessing = 0;
		};
/* End PBXSourcesBuildPhase section */

/* Begin PBXTargetDependency section */
		38406B0E25EA300900D2EB00 /* PBXTargetDependency */ = {
			isa = PBXTargetDependency;
			target = 38406AF525EA2FFE00D2EB00 /* AIAStock */;
			targetProxy = 38406B0D25EA300900D2EB00 /* PBXContainerItemProxy */;
		};
		38406B1925EA300900D2EB00 /* PBXTargetDependency */ = {
			isa = PBXTargetDependency;
			target = 38406AF525EA2FFE00D2EB00 /* AIAStock */;
			targetProxy = 38406B1825EA300900D2EB00 /* PBXContainerItemProxy */;
		};
/* End PBXTargetDependency section */

/* Begin PBXVariantGroup section */
		38406AFF25EA2FFE00D2EB00 /* Main.storyboard */ = {
			isa = PBXVariantGroup;
			children = (
				38406B0025EA2FFE00D2EB00 /* Base */,
			);
			name = Main.storyboard;
			sourceTree = "<group>";
		};
		38406B0425EA300800D2EB00 /* LaunchScreen.storyboard */ = {
			isa = PBXVariantGroup;
			children = (
				38406B0525EA300800D2EB00 /* Base */,
			);
			name = LaunchScreen.storyboard;
			sourceTree = "<group>";
		};
/* End PBXVariantGroup section */

/* Begin XCBuildConfiguration section */
		38406B1E25EA300900D2EB00 /* Debug */ = {
			isa = XCBuildConfiguration;
			buildSettings = {
				ALWAYS_SEARCH_USER_PATHS = NO;
				CLANG_ANALYZER_NONNULL = YES;
				CLANG_ANALYZER_NUMBER_OBJECT_CONVERSION = YES_AGGRESSIVE;
				CLANG_CXX_LANGUAGE_STANDARD = "gnu++14";
				CLANG_CXX_LIBRARY = "libc++";
				CLANG_ENABLE_MODULES = YES;
				CLANG_ENABLE_OBJC_ARC = YES;
				CLANG_ENABLE_OBJC_WEAK = YES;
				CLANG_WARN_BLOCK_CAPTURE_AUTORELEASING = YES;
				CLANG_WARN_BOOL_CONVERSION = YES;
				CLANG_WARN_COMMA = YES;
				CLANG_WARN_CONSTANT_CONVERSION = YES;
				CLANG_WARN_DEPRECATED_OBJC_IMPLEMENTATIONS = YES;
				CLANG_WARN_DIRECT_OBJC_ISA_USAGE = YES_ERROR;
				CLANG_WARN_DOCUMENTATION_COMMENTS = YES;
				CLANG_WARN_EMPTY_BODY = YES;
				CLANG_WARN_ENUM_CONVERSION = YES;
				CLANG_WARN_INFINITE_RECURSION = YES;
				CLANG_WARN_INT_CONVERSION = YES;
				CLANG_WARN_NON_LITERAL_NULL_CONVERSION = YES;
				CLANG_WARN_OBJC_IMPLICIT_RETAIN_SELF = YES;
				CLANG_WARN_OBJC_LITERAL_CONVERSION = YES;
				CLANG_WARN_OBJC_ROOT_CLASS = YES_ERROR;
				CLANG_WARN_QUOTED_INCLUDE_IN_FRAMEWORK_HEADER = YES;
				CLANG_WARN_RANGE_LOOP_ANALYSIS = YES;
				CLANG_WARN_STRICT_PROTOTYPES = YES;
				CLANG_WARN_SUSPICIOUS_MOVE = YES;
				CLANG_WARN_UNGUARDED_AVAILABILITY = YES_AGGRESSIVE;
				CLANG_WARN_UNREACHABLE_CODE = YES;
				CLANG_WARN__DUPLICATE_METHOD_MATCH = YES;
				COPY_PHASE_STRIP = NO;
				DEBUG_INFORMATION_FORMAT = dwarf;
				ENABLE_STRICT_OBJC_MSGSEND = YES;
				ENABLE_TESTABILITY = YES;
				GCC_C_LANGUAGE_STANDARD = gnu11;
				GCC_DYNAMIC_NO_PIC = NO;
				GCC_NO_COMMON_BLOCKS = YES;
				GCC_OPTIMIZATION_LEVEL = 0;
				GCC_PREPROCESSOR_DEFINITIONS = (
					"DEBUG=1",
					"$(inherited)",
				);
				GCC_WARN_64_TO_32_BIT_CONVERSION = YES;
				GCC_WARN_ABOUT_RETURN_TYPE = YES_ERROR;
				GCC_WARN_UNDECLARED_SELECTOR = YES;
				GCC_WARN_UNINITIALIZED_AUTOS = YES_AGGRESSIVE;
				GCC_WARN_UNUSED_FUNCTION = YES;
				GCC_WARN_UNUSED_VARIABLE = YES;
				IPHONEOS_DEPLOYMENT_TARGET = 10.0;
				MTL_ENABLE_DEBUG_INFO = INCLUDE_SOURCE;
				MTL_FAST_MATH = YES;
				ONLY_ACTIVE_ARCH = YES;
				SDKROOT = iphoneos;
				SWIFT_ACTIVE_COMPILATION_CONDITIONS = DEBUG;
				SWIFT_OPTIMIZATION_LEVEL = "-Onone";
			};
			name = Debug;
		};
		38406B1F25EA300900D2EB00 /* Release */ = {
			isa = XCBuildConfiguration;
			buildSettings = {
				ALWAYS_SEARCH_USER_PATHS = NO;
				CLANG_ANALYZER_NONNULL = YES;
				CLANG_ANALYZER_NUMBER_OBJECT_CONVERSION = YES_AGGRESSIVE;
				CLANG_CXX_LANGUAGE_STANDARD = "gnu++14";
				CLANG_CXX_LIBRARY = "libc++";
				CLANG_ENABLE_MODULES = YES;
				CLANG_ENABLE_OBJC_ARC = YES;
				CLANG_ENABLE_OBJC_WEAK = YES;
				CLANG_WARN_BLOCK_CAPTURE_AUTORELEASING = YES;
				CLANG_WARN_BOOL_CONVERSION = YES;
				CLANG_WARN_COMMA = YES;
				CLANG_WARN_CONSTANT_CONVERSION = YES;
				CLANG_WARN_DEPRECATED_OBJC_IMPLEMENTATIONS = YES;
				CLANG_WARN_DIRECT_OBJC_ISA_USAGE = YES_ERROR;
				CLANG_WARN_DOCUMENTATION_COMMENTS = YES;
				CLANG_WARN_EMPTY_BODY = YES;
				CLANG_WARN_ENUM_CONVERSION = YES;
				CLANG_WARN_INFINITE_RECURSION = YES;
				CLANG_WARN_INT_CONVERSION = YES;
				CLANG_WARN_NON_LITERAL_NULL_CONVERSION = YES;
				CLANG_WARN_OBJC_IMPLICIT_RETAIN_SELF = YES;
				CLANG_WARN_OBJC_LITERAL_CONVERSION = YES;
				CLANG_WARN_OBJC_ROOT_CLASS = YES_ERROR;
				CLANG_WARN_QUOTED_INCLUDE_IN_FRAMEWORK_HEADER = YES;
				CLANG_WARN_RANGE_LOOP_ANALYSIS = YES;
				CLANG_WARN_STRICT_PROTOTYPES = YES;
				CLANG_WARN_SUSPICIOUS_MOVE = YES;
				CLANG_WARN_UNGUARDED_AVAILABILITY = YES_AGGRESSIVE;
				CLANG_WARN_UNREACHABLE_CODE = YES;
				CLANG_WARN__DUPLICATE_METHOD_MATCH = YES;
				COPY_PHASE_STRIP = NO;
				DEBUG_INFORMATION_FORMAT = "dwarf-with-dsym";
				ENABLE_NS_ASSERTIONS = NO;
				ENABLE_STRICT_OBJC_MSGSEND = YES;
				GCC_C_LANGUAGE_STANDARD = gnu11;
				GCC_NO_COMMON_BLOCKS = YES;
				GCC_WARN_64_TO_32_BIT_CONVERSION = YES;
				GCC_WARN_ABOUT_RETURN_TYPE = YES_ERROR;
				GCC_WARN_UNDECLARED_SELECTOR = YES;
				GCC_WARN_UNINITIALIZED_AUTOS = YES_AGGRESSIVE;
				GCC_WARN_UNUSED_FUNCTION = YES;
				GCC_WARN_UNUSED_VARIABLE = YES;
				IPHONEOS_DEPLOYMENT_TARGET = 10.0;
				MTL_ENABLE_DEBUG_INFO = NO;
				MTL_FAST_MATH = YES;
				SDKROOT = iphoneos;
				SWIFT_COMPILATION_MODE = wholemodule;
				SWIFT_OPTIMIZATION_LEVEL = "-O";
				VALIDATE_PRODUCT = YES;
			};
			name = Release;
		};
		38406B2125EA300900D2EB00 /* Debug */ = {
			isa = XCBuildConfiguration;
			buildSettings = {
				ASSETCATALOG_COMPILER_APPICON_NAME = AppIcon;
				ASSETCATALOG_COMPILER_GLOBAL_ACCENT_COLOR_NAME = AccentColor;
				CODE_SIGN_STYLE = Automatic;
				DEVELOPMENT_TEAM = Y6UT6A87VB;
				INFOPLIST_FILE = AIAStock/Info.plist;
				LD_RUNPATH_SEARCH_PATHS = (
					"$(inherited)",
					"@executable_path/Frameworks",
				);
				PRODUCT_BUNDLE_IDENTIFIER = com.zharif20.AIAStock;
				PRODUCT_NAME = "$(TARGET_NAME)";
				SWIFT_VERSION = 5.0;
				TARGETED_DEVICE_FAMILY = "1,2";
			};
			name = Debug;
		};
		38406B2225EA300900D2EB00 /* Release */ = {
			isa = XCBuildConfiguration;
			buildSettings = {
				ASSETCATALOG_COMPILER_APPICON_NAME = AppIcon;
				ASSETCATALOG_COMPILER_GLOBAL_ACCENT_COLOR_NAME = AccentColor;
				CODE_SIGN_STYLE = Automatic;
				DEVELOPMENT_TEAM = Y6UT6A87VB;
				INFOPLIST_FILE = AIAStock/Info.plist;
				LD_RUNPATH_SEARCH_PATHS = (
					"$(inherited)",
					"@executable_path/Frameworks",
				);
				PRODUCT_BUNDLE_IDENTIFIER = com.zharif20.AIAStock;
				PRODUCT_NAME = "$(TARGET_NAME)";
				SWIFT_VERSION = 5.0;
				TARGETED_DEVICE_FAMILY = "1,2";
			};
			name = Release;
		};
		38406B2425EA300900D2EB00 /* Debug */ = {
			isa = XCBuildConfiguration;
			buildSettings = {
				ALWAYS_EMBED_SWIFT_STANDARD_LIBRARIES = YES;
				BUNDLE_LOADER = "$(TEST_HOST)";
				CODE_SIGN_STYLE = Automatic;
				DEVELOPMENT_TEAM = Y6UT6A87VB;
				INFOPLIST_FILE = AIAStockTests/Info.plist;
				IPHONEOS_DEPLOYMENT_TARGET = 14.2;
				LD_RUNPATH_SEARCH_PATHS = (
					"$(inherited)",
					"@executable_path/Frameworks",
					"@loader_path/Frameworks",
				);
				PRODUCT_BUNDLE_IDENTIFIER = com.zharif20.AIAStockTests;
				PRODUCT_NAME = "$(TARGET_NAME)";
				SWIFT_VERSION = 5.0;
				TARGETED_DEVICE_FAMILY = "1,2";
				TEST_HOST = "$(BUILT_PRODUCTS_DIR)/AIAStock.app/AIAStock";
			};
			name = Debug;
		};
		38406B2525EA300900D2EB00 /* Release */ = {
			isa = XCBuildConfiguration;
			buildSettings = {
				ALWAYS_EMBED_SWIFT_STANDARD_LIBRARIES = YES;
				BUNDLE_LOADER = "$(TEST_HOST)";
				CODE_SIGN_STYLE = Automatic;
				DEVELOPMENT_TEAM = Y6UT6A87VB;
				INFOPLIST_FILE = AIAStockTests/Info.plist;
				IPHONEOS_DEPLOYMENT_TARGET = 14.2;
				LD_RUNPATH_SEARCH_PATHS = (
					"$(inherited)",
					"@executable_path/Frameworks",
					"@loader_path/Frameworks",
				);
				PRODUCT_BUNDLE_IDENTIFIER = com.zharif20.AIAStockTests;
				PRODUCT_NAME = "$(TARGET_NAME)";
				SWIFT_VERSION = 5.0;
				TARGETED_DEVICE_FAMILY = "1,2";
				TEST_HOST = "$(BUILT_PRODUCTS_DIR)/AIAStock.app/AIAStock";
			};
			name = Release;
		};
		38406B2725EA300900D2EB00 /* Debug */ = {
			isa = XCBuildConfiguration;
			buildSettings = {
				ALWAYS_EMBED_SWIFT_STANDARD_LIBRARIES = YES;
				CODE_SIGN_STYLE = Automatic;
				DEVELOPMENT_TEAM = Y6UT6A87VB;
				INFOPLIST_FILE = AIAStockUITests/Info.plist;
				LD_RUNPATH_SEARCH_PATHS = (
					"$(inherited)",
					"@executable_path/Frameworks",
					"@loader_path/Frameworks",
				);
				PRODUCT_BUNDLE_IDENTIFIER = com.zharif20.AIAStockUITests;
				PRODUCT_NAME = "$(TARGET_NAME)";
				SWIFT_VERSION = 5.0;
				TARGETED_DEVICE_FAMILY = "1,2";
				TEST_TARGET_NAME = AIAStock;
			};
			name = Debug;
		};
		38406B2825EA300900D2EB00 /* Release */ = {
			isa = XCBuildConfiguration;
			buildSettings = {
				ALWAYS_EMBED_SWIFT_STANDARD_LIBRARIES = YES;
				CODE_SIGN_STYLE = Automatic;
				DEVELOPMENT_TEAM = Y6UT6A87VB;
				INFOPLIST_FILE = AIAStockUITests/Info.plist;
				LD_RUNPATH_SEARCH_PATHS = (
					"$(inherited)",
					"@executable_path/Frameworks",
					"@loader_path/Frameworks",
				);
				PRODUCT_BUNDLE_IDENTIFIER = com.zharif20.AIAStockUITests;
				PRODUCT_NAME = "$(TARGET_NAME)";
				SWIFT_VERSION = 5.0;
				TARGETED_DEVICE_FAMILY = "1,2";
				TEST_TARGET_NAME = AIAStock;
			};
			name = Release;
		};
/* End XCBuildConfiguration section */

/* Begin XCConfigurationList section */
		38406AF125EA2FFE00D2EB00 /* Build configuration list for PBXProject "AIAStock" */ = {
			isa = XCConfigurationList;
			buildConfigurations = (
				38406B1E25EA300900D2EB00 /* Debug */,
				38406B1F25EA300900D2EB00 /* Release */,
			);
			defaultConfigurationIsVisible = 0;
			defaultConfigurationName = Release;
		};
		38406B2025EA300900D2EB00 /* Build configuration list for PBXNativeTarget "AIAStock" */ = {
			isa = XCConfigurationList;
			buildConfigurations = (
				38406B2125EA300900D2EB00 /* Debug */,
				38406B2225EA300900D2EB00 /* Release */,
			);
			defaultConfigurationIsVisible = 0;
			defaultConfigurationName = Release;
		};
		38406B2325EA300900D2EB00 /* Build configuration list for PBXNativeTarget "AIAStockTests" */ = {
			isa = XCConfigurationList;
			buildConfigurations = (
				38406B2425EA300900D2EB00 /* Debug */,
				38406B2525EA300900D2EB00 /* Release */,
			);
			defaultConfigurationIsVisible = 0;
			defaultConfigurationName = Release;
		};
		38406B2625EA300900D2EB00 /* Build configuration list for PBXNativeTarget "AIAStockUITests" */ = {
			isa = XCConfigurationList;
			buildConfigurations = (
				38406B2725EA300900D2EB00 /* Debug */,
				38406B2825EA300900D2EB00 /* Release */,
			);
			defaultConfigurationIsVisible = 0;
			defaultConfigurationName = Release;
		};
/* End XCConfigurationList section */
	};
	rootObject = 38406AEE25EA2FFE00D2EB00 /* Project object */;
}
